Microsoft Visual Studio Solution File, Format Version 12.00
# Visual Studio 2013
VisualStudioVersion = 12.0.30723.0
MinimumVisualStudioVersion = 10.0.40219.1
Project("{FAE04EC0-301F-11D3-BF4B-00C04F79EFBC}") = "IRnetApp", "IRnetApp\IRnetApp.csproj", "{1E835411-23B9-4CFB-9585-B71A6033613A}"
	ProjectSection(ProjectDependencies) = postProject
		{6D4F531F-483F-47B9-8C07-856D6F376B25} = {6D4F531F-483F-47B9-8C07-856D6F376B25}
	EndProjectSection
EndProject
Project("{FAE04EC0-301F-11D3-BF4B-00C04F79EFBC}") = "QuadViewCtrl", "QuadViewCtrl\QuadViewCtrl.csproj", "{7D02F80F-D692-4E03-A0F6-D0BD640BE277}"
EndProject
Project("{2150E333-8FDC-42A3-9474-1A3956D46DE8}") = "FreeImageSln", "FreeImageSln", "{6CBCD9C8-FE04-4395-80EC-FA31A4CB665A}"
EndProject
Project("{8BC9CEB8-8B4A-11D0-8D11-00A0C91BC942}") = "FreeImage", "..\..\Libs\FreeImage\FreeImage.2013.vcxproj", "{B39ED2B3-D53A-4077-B957-930979A3577D}"
EndProject
Project("{8BC9CEB8-8B4A-11D0-8D11-00A0C91BC942}") = "FreeImageLib", "..\..\Libs\FreeImage\Source\FreeImageLib\FreeImageLib.2013.vcxproj", "{9E219DF2-315D-478E-8A07-8960C377CE1E}"
EndProject
Project("{8BC9CEB8-8B4A-11D0-8D11-00A0C91BC942}") = "FreeImagePlus", "..\..\Libs\FreeImage\Wrapper\FreeImagePlus\FreeImagePlus.2013.vcxproj", "{94F36908-A4E2-4533-939D-64FF6EADA5A1}"
EndProject
Project("{8BC9CEB8-8B4A-11D0-8D11-00A0C91BC942}") = "LibJPEG", "..\..\Libs\FreeImage\Source\LibJPEG\LibJPEG.2013.vcxproj", "{5E1D4E5F-E10C-4BA3-B663-F33014FD21D9}"
EndProject
Project("{8BC9CEB8-8B4A-11D0-8D11-00A0C91BC942}") = "LibPNG", "..\..\Libs\FreeImage\Source\LibPNG\LibPNG.2013.vcxproj", "{7DB10B50-CE00-4D7A-B322-6824F05D2FCB}"
EndProject
Project("{8BC9CEB8-8B4A-11D0-8D11-00A0C91BC942}") = "ZLib", "..\..\Libs\FreeImage\Source\ZLib\ZLib.2013.vcxproj", "{33134F61-C1AD-4B6F-9CEA-503A9F140C52}"
EndProject
Project("{8BC9CEB8-8B4A-11D0-8D11-00A0C91BC942}") = "OpenEXR", "..\..\Libs\FreeImage\Source\OpenEXR\OpenEXR.2013.vcxproj", "{17A4874B-0606-4687-90B6-F91F8CB3B8AF}"
EndProject
Project("{8BC9CEB8-8B4A-11D0-8D11-00A0C91BC942}") = "LibOpenJPEG", "..\..\Libs\FreeImage\Source\LibOpenJPEG\LibOpenJPEG.2013.vcxproj", "{E3536C28-A7F1-4B53-8E52-7D2232F9E098}"
EndProject
Project("{8BC9CEB8-8B4A-11D0-8D11-00A0C91BC942}") = "LibRaw", "..\..\Libs\FreeImage\Source\LibRawLite\LibRawLite.2013.vcxproj", "{07F662C1-1323-42AB-B6AF-FBFD34A7437A}"
EndProject
Project("{8BC9CEB8-8B4A-11D0-8D11-00A0C91BC942}") = "LibTIFF4", "..\..\Libs\FreeImage\Source\LibTIFF4\LibTIFF4.2013.vcxproj", "{EC085CBD-E9C3-477F-9A97-CB9D5DA30E27}"
EndProject
Project("{8BC9CEB8-8B4A-11D0-8D11-00A0C91BC942}") = "LibWebP", "..\..\Libs\FreeImage\Source\LibWebP\LibWebP.2013.vcxproj", "{097D9F6C-FD0E-4CBC-9676-009012AAECA8}"
EndProject
Project("{8BC9CEB8-8B4A-11D0-8D11-00A0C91BC942}") = "LibJXR", "..\..\Libs\FreeImage\Source\LibJXR\LibJXR.2013.vcxproj", "{244455E0-5F25-4451-9540-F317883E52A8}"
EndProject
Project("{FAE04EC0-301F-11D3-BF4B-00C04F79EFBC}") = "Library", "..\..\Libs\FreeImage\Wrapper\FreeImage.NET\cs\Library\Library.csproj", "{6598A7CD-8F27-4D3F-A675-5AE63113A7C3}"
EndProject
Project("{8BC9CEB8-8B4A-11D0-8D11-00A0C91BC942}") = "RawMeat", "RawMeat\RawMeat.vcxproj", "{6D4F531F-483F-47B9-8C07-856D6F376B25}"
EndProject
Project("{FAE04EC0-301F-11D3-BF4B-00C04F79EFBC}") = "ZoomablePictureBoxCtrl", "ZoomablePictureBox\ZoomablePictureBoxCtrl.csproj", "{A96B3B89-66ED-466C-8703-F44E86433097}"
EndProject
Project("{FAE04EC0-301F-11D3-BF4B-00C04F79EFBC}") = "FreeImageNETWrapper", "FreeImage_dist\Wrapper\FreeImage.NET\cs\Library\FreeImageNETWrapper.csproj", "{3BD10A2C-A224-4B60-B531-147CC46E23AC}"
EndProject
Global
	GlobalSection(SolutionConfigurationPlatforms) = preSolution
		Debug|Any CPU = Debug|Any CPU
		Debug|Mixed Platforms = Debug|Mixed Platforms
		Debug|Win32 = Debug|Win32
		Debug|x64 = Debug|x64
		Debug|x86 = Debug|x86
		Release (3.5)|Any CPU = Release (3.5)|Any CPU
		Release (3.5)|Mixed Platforms = Release (3.5)|Mixed Platforms
		Release (3.5)|Win32 = Release (3.5)|Win32
		Release (3.5)|x64 = Release (3.5)|x64
		Release (3.5)|x86 = Release (3.5)|x86
		Release (4.0)|Any CPU = Release (4.0)|Any CPU
		Release (4.0)|Mixed Platforms = Release (4.0)|Mixed Platforms
		Release (4.0)|Win32 = Release (4.0)|Win32
		Release (4.0)|x64 = Release (4.0)|x64
		Release (4.0)|x86 = Release (4.0)|x86
		Release (4.5)|Any CPU = Release (4.5)|Any CPU
		Release (4.5)|Mixed Platforms = Release (4.5)|Mixed Platforms
		Release (4.5)|Win32 = Release (4.5)|Win32
		Release (4.5)|x64 = Release (4.5)|x64
		Release (4.5)|x86 = Release (4.5)|x86
		Release|Any CPU = Release|Any CPU
		Release|Mixed Platforms = Release|Mixed Platforms
		Release|Win32 = Release|Win32
		Release|x64 = Release|x64
		Release|x86 = Release|x86
	EndGlobalSection
	GlobalSection(ProjectConfigurationPlatforms) = postSolution
		{1E835411-23B9-4CFB-9585-B71A6033613A}.Debug|Any CPU.ActiveCfg = Debug|x86
		{1E835411-23B9-4CFB-9585-B71A6033613A}.Debug|Any CPU.Build.0 = Debug|x86
		{1E835411-23B9-4CFB-9585-B71A6033613A}.Debug|Mixed Platforms.ActiveCfg = Debug|x86
		{1E835411-23B9-4CFB-9585-B71A6033613A}.Debug|Mixed Platforms.Build.0 = Debug|x86
		{1E835411-23B9-4CFB-9585-B71A6033613A}.Debug|Win32.ActiveCfg = Debug|x86
		{1E835411-23B9-4CFB-9585-B71A6033613A}.Debug|Win32.Build.0 = Debug|x86
		{1E835411-23B9-4CFB-9585-B71A6033613A}.Debug|x64.ActiveCfg = Debug|x64
		{1E835411-23B9-4CFB-9585-B71A6033613A}.Debug|x64.Build.0 = Debug|x64
		{1E835411-23B9-4CFB-9585-B71A6033613A}.Debug|x86.ActiveCfg = Debug|x86
		{1E835411-23B9-4CFB-9585-B71A6033613A}.Debug|x86.Build.0 = Debug|x86
		{1E835411-23B9-4CFB-9585-B71A6033613A}.Release (3.5)|Any CPU.ActiveCfg = Release|x86
		{1E835411-23B9-4CFB-9585-B71A6033613A}.Release (3.5)|Any CPU.Build.0 = Release|x86
		{1E835411-23B9-4CFB-9585-B71A6033613A}.Release (3.5)|Mixed Platforms.ActiveCfg = Release|x86
		{1E835411-23B9-4CFB-9585-B71A6033613A}.Release (3.5)|Mixed Platforms.Build.0 = Release|x86
		{1E835411-23B9-4CFB-9585-B71A6033613A}.Release (3.5)|Win32.ActiveCfg = Release|x86
		{1E835411-23B9-4CFB-9585-B71A6033613A}.Release (3.5)|Win32.Build.0 = Release|x86
		{1E835411-23B9-4CFB-9585-B71A6033613A}.Release (3.5)|x64.ActiveCfg = Release|x86
		{1E835411-23B9-4CFB-9585-B71A6033613A}.Release (3.5)|x64.Build.0 = Release|x86
		{1E835411-23B9-4CFB-9585-B71A6033613A}.Release (3.5)|x86.ActiveCfg = Release|x86
		{1E835411-23B9-4CFB-9585-B71A6033613A}.Release (3.5)|x86.Build.0 = Release|x86
		{1E835411-23B9-4CFB-9585-B71A6033613A}.Release (4.0)|Any CPU.ActiveCfg = Release|x86
		{1E835411-23B9-4CFB-9585-B71A6033613A}.Release (4.0)|Any CPU.Build.0 = Release|x86
		{1E835411-23B9-4CFB-9585-B71A6033613A}.Release (4.0)|Mixed Platforms.ActiveCfg = Release|x86
		{1E835411-23B9-4CFB-9585-B71A6033613A}.Release (4.0)|Mixed Platforms.Build.0 = Release|x86
		{1E835411-23B9-4CFB-9585-B71A6033613A}.Release (4.0)|Win32.ActiveCfg = Release|x86
		{1E835411-23B9-4CFB-9585-B71A6033613A}.Release (4.0)|Win32.Build.0 = Release|x86
		{1E835411-23B9-4CFB-9585-B71A6033613A}.Release (4.0)|x64.ActiveCfg = Release|x86
		{1E835411-23B9-4CFB-9585-B71A6033613A}.Release (4.0)|x64.Build.0 = Release|x86
		{1E835411-23B9-4CFB-9585-B71A6033613A}.Release (4.0)|x86.ActiveCfg = Release|x86
		{1E835411-23B9-4CFB-9585-B71A6033613A}.Release (4.0)|x86.Build.0 = Release|x86
		{1E835411-23B9-4CFB-9585-B71A6033613A}.Release (4.5)|Any CPU.ActiveCfg = Release|x86
		{1E835411-23B9-4CFB-9585-B71A6033613A}.Release (4.5)|Any CPU.Build.0 = Release|x86
		{1E835411-23B9-4CFB-9585-B71A6033613A}.Release (4.5)|Mixed Platforms.ActiveCfg = Release|x86
		{1E835411-23B9-4CFB-9585-B71A6033613A}.Release (4.5)|Mixed Platforms.Build.0 = Release|x86
		{1E835411-23B9-4CFB-9585-B71A6033613A}.Release (4.5)|Win32.ActiveCfg = Release|x86
		{1E835411-23B9-4CFB-9585-B71A6033613A}.Release (4.5)|Win32.Build.0 = Release|x86
		{1E835411-23B9-4CFB-9585-B71A6033613A}.Release (4.5)|x64.ActiveCfg = Release|x86
		{1E835411-23B9-4CFB-9585-B71A6033613A}.Release (4.5)|x64.Build.0 = Release|x86
		{1E835411-23B9-4CFB-9585-B71A6033613A}.Release (4.5)|x86.ActiveCfg = Release|x86
		{1E835411-23B9-4CFB-9585-B71A6033613A}.Release (4.5)|x86.Build.0 = Release|x86
		{1E835411-23B9-4CFB-9585-B71A6033613A}.Release|Any CPU.ActiveCfg = Release|x86
		{1E835411-23B9-4CFB-9585-B71A6033613A}.Release|Any CPU.Build.0 = Release|x86
		{1E835411-23B9-4CFB-9585-B71A6033613A}.Release|Mixed Platforms.ActiveCfg = Release|x86
		{1E835411-23B9-4CFB-9585-B71A6033613A}.Release|Mixed Platforms.Build.0 = Release|x86
		{1E835411-23B9-4CFB-9585-B71A6033613A}.Release|Win32.ActiveCfg = Release|x86
		{1E835411-23B9-4CFB-9585-B71A6033613A}.Release|Win32.Build.0 = Release|x86
		{1E835411-23B9-4CFB-9585-B71A6033613A}.Release|x64.ActiveCfg = Release|x86
		{1E835411-23B9-4CFB-9585-B71A6033613A}.Release|x64.Build.0 = Release|x86
		{1E835411-23B9-4CFB-9585-B71A6033613A}.Release|x86.ActiveCfg = Release|x86
		{1E835411-23B9-4CFB-9585-B71A6033613A}.Release|x86.Build.0 = Release|x86
		{7D02F80F-D692-4E03-A0F6-D0BD640BE277}.Debug|Any CPU.ActiveCfg = Debug|Any CPU
		{7D02F80F-D692-4E03-A0F6-D0BD640BE277}.Debug|Any CPU.Build.0 = Debug|Any CPU
		{7D02F80F-D692-4E03-A0F6-D0BD640BE277}.Debug|Mixed Platforms.ActiveCfg = Debug|Any CPU
		{7D02F80F-D692-4E03-A0F6-D0BD640BE277}.Debug|Mixed Platforms.Build.0 = Debug|Any CPU
		{7D02F80F-D692-4E03-A0F6-D0BD640BE277}.Debug|Win32.ActiveCfg = Debug|Any CPU
		{7D02F80F-D692-4E03-A0F6-D0BD640BE277}.Debug|Win32.Build.0 = Debug|Any CPU
		{7D02F80F-D692-4E03-A0F6-D0BD640BE277}.Debug|x64.ActiveCfg = Debug|Any CPU
		{7D02F80F-D692-4E03-A0F6-D0BD640BE277}.Debug|x64.Build.0 = Debug|Any CPU
		{7D02F80F-D692-4E03-A0F6-D0BD640BE277}.Debug|x86.ActiveCfg = Debug|x86
		{7D02F80F-D692-4E03-A0F6-D0BD640BE277}.Debug|x86.Build.0 = Debug|x86
		{7D02F80F-D692-4E03-A0F6-D0BD640BE277}.Release (3.5)|Any CPU.ActiveCfg = Release|Any CPU
		{7D02F80F-D692-4E03-A0F6-D0BD640BE277}.Release (3.5)|Any CPU.Build.0 = Release|Any CPU
		{7D02F80F-D692-4E03-A0F6-D0BD640BE277}.Release (3.5)|Mixed Platforms.ActiveCfg = Release|Any CPU
		{7D02F80F-D692-4E03-A0F6-D0BD640BE277}.Release (3.5)|Mixed Platforms.Build.0 = Release|Any CPU
		{7D02F80F-D692-4E03-A0F6-D0BD640BE277}.Release (3.5)|Win32.ActiveCfg = Release|Any CPU
		{7D02F80F-D692-4E03-A0F6-D0BD640BE277}.Release (3.5)|Win32.Build.0 = Release|Any CPU
		{7D02F80F-D692-4E03-A0F6-D0BD640BE277}.Release (3.5)|x64.ActiveCfg = Release|Any CPU
		{7D02F80F-D692-4E03-A0F6-D0BD640BE277}.Release (3.5)|x64.Build.0 = Release|Any CPU
		{7D02F80F-D692-4E03-A0F6-D0BD640BE277}.Release (3.5)|x86.ActiveCfg = Release|Any CPU
		{7D02F80F-D692-4E03-A0F6-D0BD640BE277}.Release (3.5)|x86.Build.0 = Release|Any CPU
		{7D02F80F-D692-4E03-A0F6-D0BD640BE277}.Release (4.0)|Any CPU.ActiveCfg = Release|Any CPU
		{7D02F80F-D692-4E03-A0F6-D0BD640BE277}.Release (4.0)|Any CPU.Build.0 = Release|Any CPU
		{7D02F80F-D692-4E03-A0F6-D0BD640BE277}.Release (4.0)|Mixed Platforms.ActiveCfg = Release|Any CPU
		{7D02F80F-D692-4E03-A0F6-D0BD640BE277}.Release (4.0)|Mixed Platforms.Build.0 = Release|Any CPU
		{7D02F80F-D692-4E03-A0F6-D0BD640BE277}.Release (4.0)|Win32.ActiveCfg = Release|Any CPU
		{7D02F80F-D692-4E03-A0F6-D0BD640BE277}.Release (4.0)|Win32.Build.0 = Release|Any CPU
		{7D02F80F-D692-4E03-A0F6-D0BD640BE277}.Release (4.0)|x64.ActiveCfg = Release|Any CPU
		{7D02F80F-D692-4E03-A0F6-D0BD640BE277}.Release (4.0)|x64.Build.0 = Release|Any CPU
		{7D02F80F-D692-4E03-A0F6-D0BD640BE277}.Release (4.0)|x86.ActiveCfg = Release|Any CPU
		{7D02F80F-D692-4E03-A0F6-D0BD640BE277}.Release (4.0)|x86.Build.0 = Release|Any CPU
		{7D02F80F-D692-4E03-A0F6-D0BD640BE277}.Release (4.5)|Any CPU.ActiveCfg = Release|Any CPU
		{7D02F80F-D692-4E03-A0F6-D0BD640BE277}.Release (4.5)|Any CPU.Build.0 = Release|Any CPU
		{7D02F80F-D692-4E03-A0F6-D0BD640BE277}.Release (4.5)|Mixed Platforms.ActiveCfg = Release|Any CPU
		{7D02F80F-D692-4E03-A0F6-D0BD640BE277}.Release (4.5)|Mixed Platforms.Build.0 = Release|Any CPU
		{7D02F80F-D692-4E03-A0F6-D0BD640BE277}.Release (4.5)|Win32.ActiveCfg = Release|Any CPU
		{7D02F80F-D692-4E03-A0F6-D0BD640BE277}.Release (4.5)|Win32.Build.0 = Release|Any CPU
		{7D02F80F-D692-4E03-A0F6-D0BD640BE277}.Release (4.5)|x64.ActiveCfg = Release|Any CPU
		{7D02F80F-D692-4E03-A0F6-D0BD640BE277}.Release (4.5)|x64.Build.0 = Release|Any CPU
		{7D02F80F-D692-4E03-A0F6-D0BD640BE277}.Release (4.5)|x86.ActiveCfg = Release|Any CPU
		{7D02F80F-D692-4E03-A0F6-D0BD640BE277}.Release (4.5)|x86.Build.0 = Release|Any CPU
		{7D02F80F-D692-4E03-A0F6-D0BD640BE277}.Release|Any CPU.ActiveCfg = Release|Any CPU
		{7D02F80F-D692-4E03-A0F6-D0BD640BE277}.Release|Any CPU.Build.0 = Release|Any CPU
		{7D02F80F-D692-4E03-A0F6-D0BD640BE277}.Release|Mixed Platforms.ActiveCfg = Release|Any CPU
		{7D02F80F-D692-4E03-A0F6-D0BD640BE277}.Release|Mixed Platforms.Build.0 = Release|Any CPU
		{7D02F80F-D692-4E03-A0F6-D0BD640BE277}.Release|Win32.ActiveCfg = Release|Any CPU
		{7D02F80F-D692-4E03-A0F6-D0BD640BE277}.Release|Win32.Build.0 = Release|Any CPU
		{7D02F80F-D692-4E03-A0F6-D0BD640BE277}.Release|x64.ActiveCfg = Release|Any CPU
		{7D02F80F-D692-4E03-A0F6-D0BD640BE277}.Release|x64.Build.0 = Release|Any CPU
		{7D02F80F-D692-4E03-A0F6-D0BD640BE277}.Release|x86.ActiveCfg = Release|x86
		{7D02F80F-D692-4E03-A0F6-D0BD640BE277}.Release|x86.Build.0 = Release|x86
		{B39ED2B3-D53A-4077-B957-930979A3577D}.Debug|Any CPU.ActiveCfg = Debug|Win32
		{B39ED2B3-D53A-4077-B957-930979A3577D}.Debug|Mixed Platforms.ActiveCfg = Debug|Win32
		{B39ED2B3-D53A-4077-B957-930979A3577D}.Debug|Win32.ActiveCfg = Debug|Win32
		{B39ED2B3-D53A-4077-B957-930979A3577D}.Debug|x64.ActiveCfg = Debug|Win32
		{B39ED2B3-D53A-4077-B957-930979A3577D}.Debug|x86.ActiveCfg = Debug|Win32
		{B39ED2B3-D53A-4077-B957-930979A3577D}.Release (3.5)|Any CPU.ActiveCfg = Release|Win32
		{B39ED2B3-D53A-4077-B957-930979A3577D}.Release (3.5)|Mixed Platforms.ActiveCfg = Release|Win32
		{B39ED2B3-D53A-4077-B957-930979A3577D}.Release (3.5)|Win32.ActiveCfg = Release|Win32
		{B39ED2B3-D53A-4077-B957-930979A3577D}.Release (3.5)|x64.ActiveCfg = Release|Win32
		{B39ED2B3-D53A-4077-B957-930979A3577D}.Release (3.5)|x86.ActiveCfg = Release|Win32
		{B39ED2B3-D53A-4077-B957-930979A3577D}.Release (4.0)|Any CPU.ActiveCfg = Release|Win32
		{B39ED2B3-D53A-4077-B957-930979A3577D}.Release (4.0)|Mixed Platforms.ActiveCfg = Release|Win32
		{B39ED2B3-D53A-4077-B957-930979A3577D}.Release (4.0)|Win32.ActiveCfg = Release|Win32
		{B39ED2B3-D53A-4077-B957-930979A3577D}.Release (4.0)|x64.ActiveCfg = Release|Win32
		{B39ED2B3-D53A-4077-B957-930979A3577D}.Release (4.0)|x86.ActiveCfg = Release|Win32
		{B39ED2B3-D53A-4077-B957-930979A3577D}.Release (4.5)|Any CPU.ActiveCfg = Release|Win32
		{B39ED2B3-D53A-4077-B957-930979A3577D}.Release (4.5)|Mixed Platforms.ActiveCfg = Release|Win32
		{B39ED2B3-D53A-4077-B957-930979A3577D}.Release (4.5)|Win32.ActiveCfg = Release|Win32
		{B39ED2B3-D53A-4077-B957-930979A3577D}.Release (4.5)|x64.ActiveCfg = Release|Win32
		{B39ED2B3-D53A-4077-B957-930979A3577D}.Release (4.5)|x86.ActiveCfg = Release|Win32
		{B39ED2B3-D53A-4077-B957-930979A3577D}.Release|Any CPU.ActiveCfg = Release|Win32
		{B39ED2B3-D53A-4077-B957-930979A3577D}.Release|Mixed Platforms.ActiveCfg = Release|Win32
		{B39ED2B3-D53A-4077-B957-930979A3577D}.Release|Win32.ActiveCfg = Release|Win32
		{B39ED2B3-D53A-4077-B957-930979A3577D}.Release|x64.ActiveCfg = Release|Win32
		{B39ED2B3-D53A-4077-B957-930979A3577D}.Release|x86.ActiveCfg = Release|Win32
		{9E219DF2-315D-478E-8A07-8960C377CE1E}.Debug|Any CPU.ActiveCfg = Debug|Win32
		{9E219DF2-315D-478E-8A07-8960C377CE1E}.Debug|Mixed Platforms.ActiveCfg = Debug|Win32
		{9E219DF2-315D-478E-8A07-8960C377CE1E}.Debug|Win32.ActiveCfg = Debug|Win32
		{9E219DF2-315D-478E-8A07-8960C377CE1E}.Debug|x64.ActiveCfg = Debug|Win32
		{9E219DF2-315D-478E-8A07-8960C377CE1E}.Debug|x86.ActiveCfg = Debug|Win32
		{9E219DF2-315D-478E-8A07-8960C377CE1E}.Release (3.5)|Any CPU.ActiveCfg = Release|Win32
		{9E219DF2-315D-478E-8A07-8960C377CE1E}.Release (3.5)|Mixed Platforms.ActiveCfg = Release|Win32
		{9E219DF2-315D-478E-8A07-8960C377CE1E}.Release (3.5)|Win32.ActiveCfg = Release|Win32
		{9E219DF2-315D-478E-8A07-8960C377CE1E}.Release (3.5)|x64.ActiveCfg = Release|Win32
		{9E219DF2-315D-478E-8A07-8960C377CE1E}.Release (3.5)|x86.ActiveCfg = Release|Win32
		{9E219DF2-315D-478E-8A07-8960C377CE1E}.Release (4.0)|Any CPU.ActiveCfg = Release|Win32
		{9E219DF2-315D-478E-8A07-8960C377CE1E}.Release (4.0)|Mixed Platforms.ActiveCfg = Release|Win32
		{9E219DF2-315D-478E-8A07-8960C377CE1E}.Release (4.0)|Win32.ActiveCfg = Release|Win32
		{9E219DF2-315D-478E-8A07-8960C377CE1E}.Release (4.0)|x64.ActiveCfg = Release|Win32
		{9E219DF2-315D-478E-8A07-8960C377CE1E}.Release (4.0)|x86.ActiveCfg = Release|Win32
		{9E219DF2-315D-478E-8A07-8960C377CE1E}.Release (4.5)|Any CPU.ActiveCfg = Release|Win32
		{9E219DF2-315D-478E-8A07-8960C377CE1E}.Release (4.5)|Mixed Platforms.ActiveCfg = Release|Win32
		{9E219DF2-315D-478E-8A07-8960C377CE1E}.Release (4.5)|Win32.ActiveCfg = Release|Win32
		{9E219DF2-315D-478E-8A07-8960C377CE1E}.Release (4.5)|x64.ActiveCfg = Release|Win32
		{9E219DF2-315D-478E-8A07-8960C377CE1E}.Release (4.5)|x86.ActiveCfg = Release|Win32
		{9E219DF2-315D-478E-8A07-8960C377CE1E}.Release|Any CPU.ActiveCfg = Release|Win32
		{9E219DF2-315D-478E-8A07-8960C377CE1E}.Release|Mixed Platforms.ActiveCfg = Release|Win32
		{9E219DF2-315D-478E-8A07-8960C377CE1E}.Release|Win32.ActiveCfg = Release|Win32
		{9E219DF2-315D-478E-8A07-8960C377CE1E}.Release|x64.ActiveCfg = Release|Win32
		{9E219DF2-315D-478E-8A07-8960C377CE1E}.Release|x86.ActiveCfg = Release|Win32
		{94F36908-A4E2-4533-939D-64FF6EADA5A1}.Debug|Any CPU.ActiveCfg = Debug|Win32
		{94F36908-A4E2-4533-939D-64FF6EADA5A1}.Debug|Mixed Platforms.ActiveCfg = Debug|Win32
		{94F36908-A4E2-4533-939D-64FF6EADA5A1}.Debug|Win32.ActiveCfg = Debug|Win32
		{94F36908-A4E2-4533-939D-64FF6EADA5A1}.Debug|x64.ActiveCfg = Debug|Win32
		{94F36908-A4E2-4533-939D-64FF6EADA5A1}.Debug|x86.ActiveCfg = Debug|Win32
		{94F36908-A4E2-4533-939D-64FF6EADA5A1}.Release (3.5)|Any CPU.ActiveCfg = Release|Win32
		{94F36908-A4E2-4533-939D-64FF6EADA5A1}.Release (3.5)|Mixed Platforms.ActiveCfg = Release|Win32
		{94F36908-A4E2-4533-939D-64FF6EADA5A1}.Release (3.5)|Win32.ActiveCfg = Release|Win32
		{94F36908-A4E2-4533-939D-64FF6EADA5A1}.Release (3.5)|x64.ActiveCfg = Release|Win32
		{94F36908-A4E2-4533-939D-64FF6EADA5A1}.Release (3.5)|x86.ActiveCfg = Release|Win32
		{94F36908-A4E2-4533-939D-64FF6EADA5A1}.Release (4.0)|Any CPU.ActiveCfg = Release|Win32
		{94F36908-A4E2-4533-939D-64FF6EADA5A1}.Release (4.0)|Mixed Platforms.ActiveCfg = Release|Win32
		{94F36908-A4E2-4533-939D-64FF6EADA5A1}.Release (4.0)|Win32.ActiveCfg = Release|Win32
		{94F36908-A4E2-4533-939D-64FF6EADA5A1}.Release (4.0)|x64.ActiveCfg = Release|Win32
		{94F36908-A4E2-4533-939D-64FF6EADA5A1}.Release (4.0)|x86.ActiveCfg = Release|Win32
		{94F36908-A4E2-4533-939D-64FF6EADA5A1}.Release (4.5)|Any CPU.ActiveCfg = Release|Win32
		{94F36908-A4E2-4533-939D-64FF6EADA5A1}.Release (4.5)|Mixed Platforms.ActiveCfg = Release|Win32
		{94F36908-A4E2-4533-939D-64FF6EADA5A1}.Release (4.5)|Win32.ActiveCfg = Release|Win32
		{94F36908-A4E2-4533-939D-64FF6EADA5A1}.Release (4.5)|x64.ActiveCfg = Release|Win32
		{94F36908-A4E2-4533-939D-64FF6EADA5A1}.Release (4.5)|x86.ActiveCfg = Release|Win32
		{94F36908-A4E2-4533-939D-64FF6EADA5A1}.Release|Any CPU.ActiveCfg = Release|Win32
		{94F36908-A4E2-4533-939D-64FF6EADA5A1}.Release|Mixed Platforms.ActiveCfg = Release|Win32
		{94F36908-A4E2-4533-939D-64FF6EADA5A1}.Release|Win32.ActiveCfg = Release|Win32
		{94F36908-A4E2-4533-939D-64FF6EADA5A1}.Release|x64.ActiveCfg = Release|Win32
		{94F36908-A4E2-4533-939D-64FF6EADA5A1}.Release|x86.ActiveCfg = Release|Win32
		{5E1D4E5F-E10C-4BA3-B663-F33014FD21D9}.Debug|Any CPU.ActiveCfg = Debug|Win32
		{5E1D4E5F-E10C-4BA3-B663-F33014FD21D9}.Debug|Mixed Platforms.ActiveCfg = Debug|Win32
		{5E1D4E5F-E10C-4BA3-B663-F33014FD21D9}.Debug|Win32.ActiveCfg = Debug|Win32
		{5E1D4E5F-E10C-4BA3-B663-F33014FD21D9}.Debug|x64.ActiveCfg = Debug|Win32
		{5E1D4E5F-E10C-4BA3-B663-F33014FD21D9}.Debug|x86.ActiveCfg = Debug|Win32
		{5E1D4E5F-E10C-4BA3-B663-F33014FD21D9}.Release (3.5)|Any CPU.ActiveCfg = Release|Win32
		{5E1D4E5F-E10C-4BA3-B663-F33014FD21D9}.Release (3.5)|Mixed Platforms.ActiveCfg = Release|Win32
		{5E1D4E5F-E10C-4BA3-B663-F33014FD21D9}.Release (3.5)|Win32.ActiveCfg = Release|Win32
		{5E1D4E5F-E10C-4BA3-B663-F33014FD21D9}.Release (3.5)|x64.ActiveCfg = Release|Win32
		{5E1D4E5F-E10C-4BA3-B663-F33014FD21D9}.Release (3.5)|x86.ActiveCfg = Release|Win32
		{5E1D4E5F-E10C-4BA3-B663-F33014FD21D9}.Release (4.0)|Any CPU.ActiveCfg = Release|Win32
		{5E1D4E5F-E10C-4BA3-B663-F33014FD21D9}.Release (4.0)|Mixed Platforms.ActiveCfg = Release|Win32
		{5E1D4E5F-E10C-4BA3-B663-F33014FD21D9}.Release (4.0)|Win32.ActiveCfg = Release|Win32
		{5E1D4E5F-E10C-4BA3-B663-F33014FD21D9}.Release (4.0)|x64.ActiveCfg = Release|Win32
		{5E1D4E5F-E10C-4BA3-B663-F33014FD21D9}.Release (4.0)|x86.ActiveCfg = Release|Win32
		{5E1D4E5F-E10C-4BA3-B663-F33014FD21D9}.Release (4.5)|Any CPU.ActiveCfg = Release|Win32
		{5E1D4E5F-E10C-4BA3-B663-F33014FD21D9}.Release (4.5)|Mixed Platforms.ActiveCfg = Release|Win32
		{5E1D4E5F-E10C-4BA3-B663-F33014FD21D9}.Release (4.5)|Win32.ActiveCfg = Release|Win32
		{5E1D4E5F-E10C-4BA3-B663-F33014FD21D9}.Release (4.5)|x64.ActiveCfg = Release|Win32
		{5E1D4E5F-E10C-4BA3-B663-F33014FD21D9}.Release (4.5)|x86.ActiveCfg = Release|Win32
		{5E1D4E5F-E10C-4BA3-B663-F33014FD21D9}.Release|Any CPU.ActiveCfg = Release|Win32
		{5E1D4E5F-E10C-4BA3-B663-F33014FD21D9}.Release|Mixed Platforms.ActiveCfg = Release|Win32
		{5E1D4E5F-E10C-4BA3-B663-F33014FD21D9}.Release|Win32.ActiveCfg = Release|Win32
		{5E1D4E5F-E10C-4BA3-B663-F33014FD21D9}.Release|x64.ActiveCfg = Release|Win32
		{5E1D4E5F-E10C-4BA3-B663-F33014FD21D9}.Release|x86.ActiveCfg = Release|Win32
		{7DB10B50-CE00-4D7A-B322-6824F05D2FCB}.Debug|Any CPU.ActiveCfg = Debug|Win32
		{7DB10B50-CE00-4D7A-B322-6824F05D2FCB}.Debug|Mixed Platforms.ActiveCfg = Debug|Win32
		{7DB10B50-CE00-4D7A-B322-6824F05D2FCB}.Debug|Win32.ActiveCfg = Debug|Win32
		{7DB10B50-CE00-4D7A-B322-6824F05D2FCB}.Debug|x64.ActiveCfg = Debug|Win32
		{7DB10B50-CE00-4D7A-B322-6824F05D2FCB}.Debug|x86.ActiveCfg = Debug|Win32
		{7DB10B50-CE00-4D7A-B322-6824F05D2FCB}.Release (3.5)|Any CPU.ActiveCfg = Release|Win32
		{7DB10B50-CE00-4D7A-B322-6824F05D2FCB}.Release (3.5)|Mixed Platforms.ActiveCfg = Release|Win32
		{7DB10B50-CE00-4D7A-B322-6824F05D2FCB}.Release (3.5)|Win32.ActiveCfg = Release|Win32
		{7DB10B50-CE00-4D7A-B322-6824F05D2FCB}.Release (3.5)|x64.ActiveCfg = Release|Win32
		{7DB10B50-CE00-4D7A-B322-6824F05D2FCB}.Release (3.5)|x86.ActiveCfg = Release|Win32
		{7DB10B50-CE00-4D7A-B322-6824F05D2FCB}.Release (4.0)|Any CPU.ActiveCfg = Release|Win32
		{7DB10B50-CE00-4D7A-B322-6824F05D2FCB}.Release (4.0)|Mixed Platforms.ActiveCfg = Release|Win32
		{7DB10B50-CE00-4D7A-B322-6824F05D2FCB}.Release (4.0)|Win32.ActiveCfg = Release|Win32
		{7DB10B50-CE00-4D7A-B322-6824F05D2FCB}.Release (4.0)|x64.ActiveCfg = Release|Win32
		{7DB10B50-CE00-4D7A-B322-6824F05D2FCB}.Release (4.0)|x86.ActiveCfg = Release|Win32
		{7DB10B50-CE00-4D7A-B322-6824F05D2FCB}.Release (4.5)|Any CPU.ActiveCfg = Release|Win32
		{7DB10B50-CE00-4D7A-B322-6824F05D2FCB}.Release (4.5)|Mixed Platforms.ActiveCfg = Release|Win32
		{7DB10B50-CE00-4D7A-B322-6824F05D2FCB}.Release (4.5)|Win32.ActiveCfg = Release|Win32
		{7DB10B50-CE00-4D7A-B322-6824F05D2FCB}.Release (4.5)|x64.ActiveCfg = Release|Win32
		{7DB10B50-CE00-4D7A-B322-6824F05D2FCB}.Release (4.5)|x86.ActiveCfg = Release|Win32
		{7DB10B50-CE00-4D7A-B322-6824F05D2FCB}.Release|Any CPU.ActiveCfg = Release|Win32
		{7DB10B50-CE00-4D7A-B322-6824F05D2FCB}.Release|Mixed Platforms.ActiveCfg = Release|Win32
		{7DB10B50-CE00-4D7A-B322-6824F05D2FCB}.Release|Win32.ActiveCfg = Release|Win32
		{7DB10B50-CE00-4D7A-B322-6824F05D2FCB}.Release|x64.ActiveCfg = Release|Win32
		{7DB10B50-CE00-4D7A-B322-6824F05D2FCB}.Release|x86.ActiveCfg = Release|Win32
		{33134F61-C1AD-4B6F-9CEA-503A9F140C52}.Debug|Any CPU.ActiveCfg = Debug|Win32
		{33134F61-C1AD-4B6F-9CEA-503A9F140C52}.Debug|Any CPU.Build.0 = Debug|Win32
		{33134F61-C1AD-4B6F-9CEA-503A9F140C52}.Debug|Mixed Platforms.ActiveCfg = Debug|Win32
		{33134F61-C1AD-4B6F-9CEA-503A9F140C52}.Debug|Mixed Platforms.Build.0 = Debug|Win32
		{33134F61-C1AD-4B6F-9CEA-503A9F140C52}.Debug|Win32.ActiveCfg = Debug|Win32
		{33134F61-C1AD-4B6F-9CEA-503A9F140C52}.Debug|Win32.Build.0 = Debug|Win32
		{33134F61-C1AD-4B6F-9CEA-503A9F140C52}.Debug|x64.ActiveCfg = Debug|Win32
		{33134F61-C1AD-4B6F-9CEA-503A9F140C52}.Debug|x64.Build.0 = Debug|Win32
		{33134F61-C1AD-4B6F-9CEA-503A9F140C52}.Debug|x86.ActiveCfg = Debug|Win32
		{33134F61-C1AD-4B6F-9CEA-503A9F140C52}.Debug|x86.Build.0 = Debug|Win32
		{33134F61-C1AD-4B6F-9CEA-503A9F140C52}.Release (3.5)|Any CPU.ActiveCfg = Release|Win32
		{33134F61-C1AD-4B6F-9CEA-503A9F140C52}.Release (3.5)|Any CPU.Build.0 = Release|Win32
		{33134F61-C1AD-4B6F-9CEA-503A9F140C52}.Release (3.5)|Mixed Platforms.ActiveCfg = Release|Win32
		{33134F61-C1AD-4B6F-9CEA-503A9F140C52}.Release (3.5)|Mixed Platforms.Build.0 = Release|Win32
		{33134F61-C1AD-4B6F-9CEA-503A9F140C52}.Release (3.5)|Win32.ActiveCfg = Release|Win32
		{33134F61-C1AD-4B6F-9CEA-503A9F140C52}.Release (3.5)|Win32.Build.0 = Release|Win32
		{33134F61-C1AD-4B6F-9CEA-503A9F140C52}.Release (3.5)|x64.ActiveCfg = Release|Win32
		{33134F61-C1AD-4B6F-9CEA-503A9F140C52}.Release (3.5)|x64.Build.0 = Release|Win32
		{33134F61-C1AD-4B6F-9CEA-503A9F140C52}.Release (3.5)|x86.ActiveCfg = Release|Win32
		{33134F61-C1AD-4B6F-9CEA-503A9F140C52}.Release (3.5)|x86.Build.0 = Release|Win32
		{33134F61-C1AD-4B6F-9CEA-503A9F140C52}.Release (4.0)|Any CPU.ActiveCfg = Release|Win32
		{33134F61-C1AD-4B6F-9CEA-503A9F140C52}.Release (4.0)|Any CPU.Build.0 = Release|Win32
		{33134F61-C1AD-4B6F-9CEA-503A9F140C52}.Release (4.0)|Mixed Platforms.ActiveCfg = Release|Win32
		{33134F61-C1AD-4B6F-9CEA-503A9F140C52}.Release (4.0)|Mixed Platforms.Build.0 = Release|Win32
		{33134F61-C1AD-4B6F-9CEA-503A9F140C52}.Release (4.0)|Win32.ActiveCfg = Release|Win32
		{33134F61-C1AD-4B6F-9CEA-503A9F140C52}.Release (4.0)|Win32.Build.0 = Release|Win32
		{33134F61-C1AD-4B6F-9CEA-503A9F140C52}.Release (4.0)|x64.ActiveCfg = Release|Win32
		{33134F61-C1AD-4B6F-9CEA-503A9F140C52}.Release (4.0)|x64.Build.0 = Release|Win32
		{33134F61-C1AD-4B6F-9CEA-503A9F140C52}.Release (4.0)|x86.ActiveCfg = Release|Win32
		{33134F61-C1AD-4B6F-9CEA-503A9F140C52}.Release (4.0)|x86.Build.0 = Release|Win32
		{33134F61-C1AD-4B6F-9CEA-503A9F140C52}.Release (4.5)|Any CPU.ActiveCfg = Release|Win32
		{33134F61-C1AD-4B6F-9CEA-503A9F140C52}.Release (4.5)|Any CPU.Build.0 = Release|Win32
		{33134F61-C1AD-4B6F-9CEA-503A9F140C52}.Release (4.5)|Mixed Platforms.ActiveCfg = Release|Win32
		{33134F61-C1AD-4B6F-9CEA-503A9F140C52}.Release (4.5)|Mixed Platforms.Build.0 = Release|Win32
		{33134F61-C1AD-4B6F-9CEA-503A9F140C52}.Release (4.5)|Win32.ActiveCfg = Release|Win32
		{33134F61-C1AD-4B6F-9CEA-503A9F140C52}.Release (4.5)|Win32.Build.0 = Release|Win32
		{33134F61-C1AD-4B6F-9CEA-503A9F140C52}.Release (4.5)|x64.ActiveCfg = Release|Win32
		{33134F61-C1AD-4B6F-9CEA-503A9F140C52}.Release (4.5)|x64.Build.0 = Release|Win32
		{33134F61-C1AD-4B6F-9CEA-503A9F140C52}.Release (4.5)|x86.ActiveCfg = Release|Win32
		{33134F61-C1AD-4B6F-9CEA-503A9F140C52}.Release (4.5)|x86.Build.0 = Release|Win32
		{33134F61-C1AD-4B6F-9CEA-503A9F140C52}.Release|Any CPU.ActiveCfg = Release|Win32
		{33134F61-C1AD-4B6F-9CEA-503A9F140C52}.Release|Any CPU.Build.0 = Release|Win32
		{33134F61-C1AD-4B6F-9CEA-503A9F140C52}.Release|Mixed Platforms.ActiveCfg = Release|Win32
		{33134F61-C1AD-4B6F-9CEA-503A9F140C52}.Release|Mixed Platforms.Build.0 = Release|Win32
		{33134F61-C1AD-4B6F-9CEA-503A9F140C52}.Release|Win32.ActiveCfg = Release|Win32
		{33134F61-C1AD-4B6F-9CEA-503A9F140C52}.Release|Win32.Build.0 = Release|Win32
		{33134F61-C1AD-4B6F-9CEA-503A9F140C52}.Release|x64.ActiveCfg = Release|Win32
		{33134F61-C1AD-4B6F-9CEA-503A9F140C52}.Release|x64.Build.0 = Release|Win32
		{33134F61-C1AD-4B6F-9CEA-503A9F140C52}.Release|x86.ActiveCfg = Release|Win32
		{33134F61-C1AD-4B6F-9CEA-503A9F140C52}.Release|x86.Build.0 = Release|Win32
		{17A4874B-0606-4687-90B6-F91F8CB3B8AF}.Debug|Any CPU.ActiveCfg = Debug|Win32
		{17A4874B-0606-4687-90B6-F91F8CB3B8AF}.Debug|Mixed Platforms.ActiveCfg = Debug|Win32
		{17A4874B-0606-4687-90B6-F91F8CB3B8AF}.Debug|Win32.ActiveCfg = Debug|Win32
		{17A4874B-0606-4687-90B6-F91F8CB3B8AF}.Debug|x64.ActiveCfg = Debug|Win32
		{17A4874B-0606-4687-90B6-F91F8CB3B8AF}.Debug|x86.ActiveCfg = Debug|Win32
		{17A4874B-0606-4687-90B6-F91F8CB3B8AF}.Release (3.5)|Any CPU.ActiveCfg = Release|Win32
		{17A4874B-0606-4687-90B6-F91F8CB3B8AF}.Release (3.5)|Mixed Platforms.ActiveCfg = Release|Win32
		{17A4874B-0606-4687-90B6-F91F8CB3B8AF}.Release (3.5)|Win32.ActiveCfg = Release|Win32
		{17A4874B-0606-4687-90B6-F91F8CB3B8AF}.Release (3.5)|x64.ActiveCfg = Release|Win32
		{17A4874B-0606-4687-90B6-F91F8CB3B8AF}.Release (3.5)|x86.ActiveCfg = Release|Win32
		{17A4874B-0606-4687-90B6-F91F8CB3B8AF}.Release (4.0)|Any CPU.ActiveCfg = Release|Win32
		{17A4874B-0606-4687-90B6-F91F8CB3B8AF}.Release (4.0)|Mixed Platforms.ActiveCfg = Release|Win32
		{17A4874B-0606-4687-90B6-F91F8CB3B8AF}.Release (4.0)|Win32.ActiveCfg = Release|Win32
		{17A4874B-0606-4687-90B6-F91F8CB3B8AF}.Release (4.0)|x64.ActiveCfg = Release|Win32
		{17A4874B-0606-4687-90B6-F91F8CB3B8AF}.Release (4.0)|x86.ActiveCfg = Release|Win32
		{17A4874B-0606-4687-90B6-F91F8CB3B8AF}.Release (4.5)|Any CPU.ActiveCfg = Release|Win32
		{17A4874B-0606-4687-90B6-F91F8CB3B8AF}.Release (4.5)|Mixed Platforms.ActiveCfg = Release|Win32
		{17A4874B-0606-4687-90B6-F91F8CB3B8AF}.Release (4.5)|Win32.ActiveCfg = Release|Win32
		{17A4874B-0606-4687-90B6-F91F8CB3B8AF}.Release (4.5)|x64.ActiveCfg = Release|Win32
		{17A4874B-0606-4687-90B6-F91F8CB3B8AF}.Release (4.5)|x86.ActiveCfg = Release|Win32
		{17A4874B-0606-4687-90B6-F91F8CB3B8AF}.Release|Any CPU.ActiveCfg = Release|Win32
		{17A4874B-0606-4687-90B6-F91F8CB3B8AF}.Release|Mixed Platforms.ActiveCfg = Release|Win32
		{17A4874B-0606-4687-90B6-F91F8CB3B8AF}.Release|Win32.ActiveCfg = Release|Win32
		{17A4874B-0606-4687-90B6-F91F8CB3B8AF}.Release|x64.ActiveCfg = Release|Win32
		{17A4874B-0606-4687-90B6-F91F8CB3B8AF}.Release|x86.ActiveCfg = Release|Win32
		{E3536C28-A7F1-4B53-8E52-7D2232F9E098}.Debug|Any CPU.ActiveCfg = Debug|Win32
		{E3536C28-A7F1-4B53-8E52-7D2232F9E098}.Debug|Mixed Platforms.ActiveCfg = Debug|Win32
		{E3536C28-A7F1-4B53-8E52-7D2232F9E098}.Debug|Win32.ActiveCfg = Debug|Win32
		{E3536C28-A7F1-4B53-8E52-7D2232F9E098}.Debug|x64.ActiveCfg = Debug|Win32
		{E3536C28-A7F1-4B53-8E52-7D2232F9E098}.Debug|x86.ActiveCfg = Debug|Win32
		{E3536C28-A7F1-4B53-8E52-7D2232F9E098}.Release (3.5)|Any CPU.ActiveCfg = Release|Win32
		{E3536C28-A7F1-4B53-8E52-7D2232F9E098}.Release (3.5)|Mixed Platforms.ActiveCfg = Release|Win32
		{E3536C28-A7F1-4B53-8E52-7D2232F9E098}.Release (3.5)|Win32.ActiveCfg = Release|Win32
		{E3536C28-A7F1-4B53-8E52-7D2232F9E098}.Release (3.5)|x64.ActiveCfg = Release|Win32
		{E3536C28-A7F1-4B53-8E52-7D2232F9E098}.Release (3.5)|x86.ActiveCfg = Release|Win32
		{E3536C28-A7F1-4B53-8E52-7D2232F9E098}.Release (4.0)|Any CPU.ActiveCfg = Release|Win32
		{E3536C28-A7F1-4B53-8E52-7D2232F9E098}.Release (4.0)|Mixed Platforms.ActiveCfg = Release|Win32
		{E3536C28-A7F1-4B53-8E52-7D2232F9E098}.Release (4.0)|Win32.ActiveCfg = Release|Win32
		{E3536C28-A7F1-4B53-8E52-7D2232F9E098}.Release (4.0)|x64.ActiveCfg = Release|Win32
		{E3536C28-A7F1-4B53-8E52-7D2232F9E098}.Release (4.0)|x86.ActiveCfg = Release|Win32
		{E3536C28-A7F1-4B53-8E52-7D2232F9E098}.Release (4.5)|Any CPU.ActiveCfg = Release|Win32
		{E3536C28-A7F1-4B53-8E52-7D2232F9E098}.Release (4.5)|Mixed Platforms.ActiveCfg = Release|Win32
		{E3536C28-A7F1-4B53-8E52-7D2232F9E098}.Release (4.5)|Win32.ActiveCfg = Release|Win32
		{E3536C28-A7F1-4B53-8E52-7D2232F9E098}.Release (4.5)|x64.ActiveCfg = Release|Win32
		{E3536C28-A7F1-4B53-8E52-7D2232F9E098}.Release (4.5)|x86.ActiveCfg = Release|Win32
		{E3536C28-A7F1-4B53-8E52-7D2232F9E098}.Release|Any CPU.ActiveCfg = Release|Win32
		{E3536C28-A7F1-4B53-8E52-7D2232F9E098}.Release|Mixed Platforms.ActiveCfg = Release|Win32
		{E3536C28-A7F1-4B53-8E52-7D2232F9E098}.Release|Win32.ActiveCfg = Release|Win32
		{E3536C28-A7F1-4B53-8E52-7D2232F9E098}.Release|x64.ActiveCfg = Release|Win32
		{E3536C28-A7F1-4B53-8E52-7D2232F9E098}.Release|x86.ActiveCfg = Release|Win32
		{07F662C1-1323-42AB-B6AF-FBFD34A7437A}.Debug|Any CPU.ActiveCfg = Debug|Win32
		{07F662C1-1323-42AB-B6AF-FBFD34A7437A}.Debug|Mixed Platforms.ActiveCfg = Release|Win32
		{07F662C1-1323-42AB-B6AF-FBFD34A7437A}.Debug|Mixed Platforms.Build.0 = Release|Win32
		{07F662C1-1323-42AB-B6AF-FBFD34A7437A}.Debug|Win32.ActiveCfg = Debug|Win32
		{07F662C1-1323-42AB-B6AF-FBFD34A7437A}.Debug|Win32.Build.0 = Debug|Win32
		{07F662C1-1323-42AB-B6AF-FBFD34A7437A}.Debug|x64.ActiveCfg = Debug|x64
		{07F662C1-1323-42AB-B6AF-FBFD34A7437A}.Debug|x64.Build.0 = Debug|x64
		{07F662C1-1323-42AB-B6AF-FBFD34A7437A}.Debug|x86.ActiveCfg = Debug|Win32
		{07F662C1-1323-42AB-B6AF-FBFD34A7437A}.Debug|x86.Build.0 = Debug|Win32
		{07F662C1-1323-42AB-B6AF-FBFD34A7437A}.Release (3.5)|Any CPU.ActiveCfg = Release|Win32
		{07F662C1-1323-42AB-B6AF-FBFD34A7437A}.Release (3.5)|Mixed Platforms.ActiveCfg = Release|Win32
		{07F662C1-1323-42AB-B6AF-FBFD34A7437A}.Release (3.5)|Mixed Platforms.Build.0 = Release|Win32
		{07F662C1-1323-42AB-B6AF-FBFD34A7437A}.Release (3.5)|Win32.ActiveCfg = Release|Win32
		{07F662C1-1323-42AB-B6AF-FBFD34A7437A}.Release (3.5)|Win32.Build.0 = Release|Win32
		{07F662C1-1323-42AB-B6AF-FBFD34A7437A}.Release (3.5)|x64.ActiveCfg = Release|x64
		{07F662C1-1323-42AB-B6AF-FBFD34A7437A}.Release (3.5)|x64.Build.0 = Release|x64
		{07F662C1-1323-42AB-B6AF-FBFD34A7437A}.Release (3.5)|x86.ActiveCfg = Release|Win32
		{07F662C1-1323-42AB-B6AF-FBFD34A7437A}.Release (3.5)|x86.Build.0 = Release|Win32
		{07F662C1-1323-42AB-B6AF-FBFD34A7437A}.Release (4.0)|Any CPU.ActiveCfg = Release|Win32
		{07F662C1-1323-42AB-B6AF-FBFD34A7437A}.Release (4.0)|Mixed Platforms.ActiveCfg = Release|Win32
		{07F662C1-1323-42AB-B6AF-FBFD34A7437A}.Release (4.0)|Mixed Platforms.Build.0 = Release|Win32
		{07F662C1-1323-42AB-B6AF-FBFD34A7437A}.Release (4.0)|Win32.ActiveCfg = Release|Win32
		{07F662C1-1323-42AB-B6AF-FBFD34A7437A}.Release (4.0)|Win32.Build.0 = Release|Win32
		{07F662C1-1323-42AB-B6AF-FBFD34A7437A}.Release (4.0)|x64.ActiveCfg = Release|x64
		{07F662C1-1323-42AB-B6AF-FBFD34A7437A}.Release (4.0)|x64.Build.0 = Release|x64
		{07F662C1-1323-42AB-B6AF-FBFD34A7437A}.Release (4.0)|x86.ActiveCfg = Release|Win32
		{07F662C1-1323-42AB-B6AF-FBFD34A7437A}.Release (4.0)|x86.Build.0 = Release|Win32
		{07F662C1-1323-42AB-B6AF-FBFD34A7437A}.Release (4.5)|Any CPU.ActiveCfg = Release|Win32
		{07F662C1-1323-42AB-B6AF-FBFD34A7437A}.Release (4.5)|Mixed Platforms.ActiveCfg = Release|Win32
		{07F662C1-1323-42AB-B6AF-FBFD34A7437A}.Release (4.5)|Mixed Platforms.Build.0 = Release|Win32
		{07F662C1-1323-42AB-B6AF-FBFD34A7437A}.Release (4.5)|Win32.ActiveCfg = Release|Win32
		{07F662C1-1323-42AB-B6AF-FBFD34A7437A}.Release (4.5)|Win32.Build.0 = Release|Win32
		{07F662C1-1323-42AB-B6AF-FBFD34A7437A}.Release (4.5)|x64.ActiveCfg = Release|x64
		{07F662C1-1323-42AB-B6AF-FBFD34A7437A}.Release (4.5)|x64.Build.0 = Release|x64
		{07F662C1-1323-42AB-B6AF-FBFD34A7437A}.Release (4.5)|x86.ActiveCfg = Release|Win32
		{07F662C1-1323-42AB-B6AF-FBFD34A7437A}.Release (4.5)|x86.Build.0 = Release|Win32
		{07F662C1-1323-42AB-B6AF-FBFD34A7437A}.Release|Any CPU.ActiveCfg = Release|Win32
		{07F662C1-1323-42AB-B6AF-FBFD34A7437A}.Release|Mixed Platforms.ActiveCfg = Release|Win32
		{07F662C1-1323-42AB-B6AF-FBFD34A7437A}.Release|Mixed Platforms.Build.0 = Release|Win32
		{07F662C1-1323-42AB-B6AF-FBFD34A7437A}.Release|Win32.ActiveCfg = Release|Win32
		{07F662C1-1323-42AB-B6AF-FBFD34A7437A}.Release|Win32.Build.0 = Release|Win32
		{07F662C1-1323-42AB-B6AF-FBFD34A7437A}.Release|x64.ActiveCfg = Release|x64
		{07F662C1-1323-42AB-B6AF-FBFD34A7437A}.Release|x64.Build.0 = Release|x64
		{07F662C1-1323-42AB-B6AF-FBFD34A7437A}.Release|x86.ActiveCfg = Release|Win32
		{07F662C1-1323-42AB-B6AF-FBFD34A7437A}.Release|x86.Build.0 = Release|Win32
		{EC085CBD-E9C3-477F-9A97-CB9D5DA30E27}.Debug|Any CPU.ActiveCfg = Debug|Win32
		{EC085CBD-E9C3-477F-9A97-CB9D5DA30E27}.Debug|Mixed Platforms.ActiveCfg = Debug|Win32
		{EC085CBD-E9C3-477F-9A97-CB9D5DA30E27}.Debug|Win32.ActiveCfg = Debug|Win32
		{EC085CBD-E9C3-477F-9A97-CB9D5DA30E27}.Debug|x64.ActiveCfg = Debug|Win32
		{EC085CBD-E9C3-477F-9A97-CB9D5DA30E27}.Debug|x86.ActiveCfg = Debug|Win32
		{EC085CBD-E9C3-477F-9A97-CB9D5DA30E27}.Release (3.5)|Any CPU.ActiveCfg = Release|Win32
		{EC085CBD-E9C3-477F-9A97-CB9D5DA30E27}.Release (3.5)|Mixed Platforms.ActiveCfg = Release|Win32
		{EC085CBD-E9C3-477F-9A97-CB9D5DA30E27}.Release (3.5)|Win32.ActiveCfg = Release|Win32
		{EC085CBD-E9C3-477F-9A97-CB9D5DA30E27}.Release (3.5)|x64.ActiveCfg = Release|Win32
		{EC085CBD-E9C3-477F-9A97-CB9D5DA30E27}.Release (3.5)|x86.ActiveCfg = Release|Win32
		{EC085CBD-E9C3-477F-9A97-CB9D5DA30E27}.Release (4.0)|Any CPU.ActiveCfg = Release|Win32
		{EC085CBD-E9C3-477F-9A97-CB9D5DA30E27}.Release (4.0)|Mixed Platforms.ActiveCfg = Release|Win32
		{EC085CBD-E9C3-477F-9A97-CB9D5DA30E27}.Release (4.0)|Win32.ActiveCfg = Release|Win32
		{EC085CBD-E9C3-477F-9A97-CB9D5DA30E27}.Release (4.0)|x64.ActiveCfg = Release|Win32
		{EC085CBD-E9C3-477F-9A97-CB9D5DA30E27}.Release (4.0)|x86.ActiveCfg = Release|Win32
		{EC085CBD-E9C3-477F-9A97-CB9D5DA30E27}.Release (4.5)|Any CPU.ActiveCfg = Release|Win32
		{EC085CBD-E9C3-477F-9A97-CB9D5DA30E27}.Release (4.5)|Mixed Platforms.ActiveCfg = Release|Win32
		{EC085CBD-E9C3-477F-9A97-CB9D5DA30E27}.Release (4.5)|Win32.ActiveCfg = Release|Win32
		{EC085CBD-E9C3-477F-9A97-CB9D5DA30E27}.Release (4.5)|x64.ActiveCfg = Release|Win32
		{EC085CBD-E9C3-477F-9A97-CB9D5DA30E27}.Release (4.5)|x86.ActiveCfg = Release|Win32
		{EC085CBD-E9C3-477F-9A97-CB9D5DA30E27}.Release|Any CPU.ActiveCfg = Release|Win32
		{EC085CBD-E9C3-477F-9A97-CB9D5DA30E27}.Release|Mixed Platforms.ActiveCfg = Release|Win32
		{EC085CBD-E9C3-477F-9A97-CB9D5DA30E27}.Release|Win32.ActiveCfg = Release|Win32
		{EC085CBD-E9C3-477F-9A97-CB9D5DA30E27}.Release|x64.ActiveCfg = Release|Win32
		{EC085CBD-E9C3-477F-9A97-CB9D5DA30E27}.Release|x86.ActiveCfg = Release|Win32
		{097D9F6C-FD0E-4CBC-9676-009012AAECA8}.Debug|Any CPU.ActiveCfg = Debug|Win32
		{097D9F6C-FD0E-4CBC-9676-009012AAECA8}.Debug|Mixed Platforms.ActiveCfg = Debug|Win32
		{097D9F6C-FD0E-4CBC-9676-009012AAECA8}.Debug|Win32.ActiveCfg = Debug|Win32
		{097D9F6C-FD0E-4CBC-9676-009012AAECA8}.Debug|x64.ActiveCfg = Debug|Win32
		{097D9F6C-FD0E-4CBC-9676-009012AAECA8}.Debug|x86.ActiveCfg = Debug|Win32
		{097D9F6C-FD0E-4CBC-9676-009012AAECA8}.Release (3.5)|Any CPU.ActiveCfg = Release|Win32
		{097D9F6C-FD0E-4CBC-9676-009012AAECA8}.Release (3.5)|Mixed Platforms.ActiveCfg = Release|Win32
		{097D9F6C-FD0E-4CBC-9676-009012AAECA8}.Release (3.5)|Win32.ActiveCfg = Release|Win32
		{097D9F6C-FD0E-4CBC-9676-009012AAECA8}.Release (3.5)|x64.ActiveCfg = Release|Win32
		{097D9F6C-FD0E-4CBC-9676-009012AAECA8}.Release (3.5)|x86.ActiveCfg = Release|Win32
		{097D9F6C-FD0E-4CBC-9676-009012AAECA8}.Release (4.0)|Any CPU.ActiveCfg = Release|Win32
		{097D9F6C-FD0E-4CBC-9676-009012AAECA8}.Release (4.0)|Mixed Platforms.ActiveCfg = Release|Win32
		{097D9F6C-FD0E-4CBC-9676-009012AAECA8}.Release (4.0)|Win32.ActiveCfg = Release|Win32
		{097D9F6C-FD0E-4CBC-9676-009012AAECA8}.Release (4.0)|x64.ActiveCfg = Release|Win32
		{097D9F6C-FD0E-4CBC-9676-009012AAECA8}.Release (4.0)|x86.ActiveCfg = Release|Win32
		{097D9F6C-FD0E-4CBC-9676-009012AAECA8}.Release (4.5)|Any CPU.ActiveCfg = Release|Win32
		{097D9F6C-FD0E-4CBC-9676-009012AAECA8}.Release (4.5)|Mixed Platforms.ActiveCfg = Release|Win32
		{097D9F6C-FD0E-4CBC-9676-009012AAECA8}.Release (4.5)|Win32.ActiveCfg = Release|Win32
		{097D9F6C-FD0E-4CBC-9676-009012AAECA8}.Release (4.5)|x64.ActiveCfg = Release|Win32
		{097D9F6C-FD0E-4CBC-9676-009012AAECA8}.Release (4.5)|x86.ActiveCfg = Release|Win32
		{097D9F6C-FD0E-4CBC-9676-009012AAECA8}.Release|Any CPU.ActiveCfg = Release|Win32
		{097D9F6C-FD0E-4CBC-9676-009012AAECA8}.Release|Mixed Platforms.ActiveCfg = Release|Win32
		{097D9F6C-FD0E-4CBC-9676-009012AAECA8}.Release|Win32.ActiveCfg = Release|Win32
		{097D9F6C-FD0E-4CBC-9676-009012AAECA8}.Release|x64.ActiveCfg = Release|Win32
		{097D9F6C-FD0E-4CBC-9676-009012AAECA8}.Release|x86.ActiveCfg = Release|Win32
		{244455E0-5F25-4451-9540-F317883E52A8}.Debug|Any CPU.ActiveCfg = Debug|Win32
		{244455E0-5F25-4451-9540-F317883E52A8}.Debug|Mixed Platforms.ActiveCfg = Debug|Win32
		{244455E0-5F25-4451-9540-F317883E52A8}.Debug|Win32.ActiveCfg = Debug|Win32
		{244455E0-5F25-4451-9540-F317883E52A8}.Debug|x64.ActiveCfg = Debug|Win32
		{244455E0-5F25-4451-9540-F317883E52A8}.Debug|x86.ActiveCfg = Debug|Win32
		{244455E0-5F25-4451-9540-F317883E52A8}.Release (3.5)|Any CPU.ActiveCfg = Release|Win32
		{244455E0-5F25-4451-9540-F317883E52A8}.Release (3.5)|Mixed Platforms.ActiveCfg = Release|Win32
		{244455E0-5F25-4451-9540-F317883E52A8}.Release (3.5)|Win32.ActiveCfg = Release|Win32
		{244455E0-5F25-4451-9540-F317883E52A8}.Release (3.5)|x64.ActiveCfg = Release|Win32
		{244455E0-5F25-4451-9540-F317883E52A8}.Release (3.5)|x86.ActiveCfg = Release|Win32
		{244455E0-5F25-4451-9540-F317883E52A8}.Release (4.0)|Any CPU.ActiveCfg = Release|Win32
		{244455E0-5F25-4451-9540-F317883E52A8}.Release (4.0)|Mixed Platforms.ActiveCfg = Release|Win32
		{244455E0-5F25-4451-9540-F317883E52A8}.Release (4.0)|Win32.ActiveCfg = Release|Win32
		{244455E0-5F25-4451-9540-F317883E52A8}.Release (4.0)|x64.ActiveCfg = Release|Win32
		{244455E0-5F25-4451-9540-F317883E52A8}.Release (4.0)|x86.ActiveCfg = Release|Win32
		{244455E0-5F25-4451-9540-F317883E52A8}.Release (4.5)|Any CPU.ActiveCfg = Release|Win32
		{244455E0-5F25-4451-9540-F317883E52A8}.Release (4.5)|Mixed Platforms.ActiveCfg = Release|Win32
		{244455E0-5F25-4451-9540-F317883E52A8}.Release (4.5)|Win32.ActiveCfg = Release|Win32
		{244455E0-5F25-4451-9540-F317883E52A8}.Release (4.5)|x64.ActiveCfg = Release|Win32
		{244455E0-5F25-4451-9540-F317883E52A8}.Release (4.5)|x86.ActiveCfg = Release|Win32
		{244455E0-5F25-4451-9540-F317883E52A8}.Release|Any CPU.ActiveCfg = Release|Win32
		{244455E0-5F25-4451-9540-F317883E52A8}.Release|Mixed Platforms.ActiveCfg = Release|Win32
		{244455E0-5F25-4451-9540-F317883E52A8}.Release|Win32.ActiveCfg = Release|Win32
		{244455E0-5F25-4451-9540-F317883E52A8}.Release|x64.ActiveCfg = Release|Win32
		{244455E0-5F25-4451-9540-F317883E52A8}.Release|x86.ActiveCfg = Release|Win32
		{6598A7CD-8F27-4D3F-A675-5AE63113A7C3}.Debug|Any CPU.ActiveCfg = Debug|Any CPU
		{6598A7CD-8F27-4D3F-A675-5AE63113A7C3}.Debug|Mixed Platforms.ActiveCfg = Debug|x86
		{6598A7CD-8F27-4D3F-A675-5AE63113A7C3}.Debug|Win32.ActiveCfg = Debug|x86
		{6598A7CD-8F27-4D3F-A675-5AE63113A7C3}.Debug|Win32.Build.0 = Debug|x86
		{6598A7CD-8F27-4D3F-A675-5AE63113A7C3}.Debug|x64.ActiveCfg = Debug|x64
		{6598A7CD-8F27-4D3F-A675-5AE63113A7C3}.Debug|x86.ActiveCfg = Debug|x86
		{6598A7CD-8F27-4D3F-A675-5AE63113A7C3}.Release (3.5)|Any CPU.ActiveCfg = Release|Any CPU
		{6598A7CD-8F27-4D3F-A675-5AE63113A7C3}.Release (3.5)|Mixed Platforms.ActiveCfg = Release|x86
		{6598A7CD-8F27-4D3F-A675-5AE63113A7C3}.Release (3.5)|Win32.ActiveCfg = Release|x86
		{6598A7CD-8F27-4D3F-A675-5AE63113A7C3}.Release (3.5)|x64.ActiveCfg = Release|x64
		{6598A7CD-8F27-4D3F-A675-5AE63113A7C3}.Release (3.5)|x86.ActiveCfg = Release|x86
		{6598A7CD-8F27-4D3F-A675-5AE63113A7C3}.Release (4.0)|Any CPU.ActiveCfg = Release|Any CPU
		{6598A7CD-8F27-4D3F-A675-5AE63113A7C3}.Release (4.0)|Mixed Platforms.ActiveCfg = Release|x86
		{6598A7CD-8F27-4D3F-A675-5AE63113A7C3}.Release (4.0)|Win32.ActiveCfg = Release|x86
		{6598A7CD-8F27-4D3F-A675-5AE63113A7C3}.Release (4.0)|x64.ActiveCfg = Release|x64
		{6598A7CD-8F27-4D3F-A675-5AE63113A7C3}.Release (4.0)|x86.ActiveCfg = Release|x86
		{6598A7CD-8F27-4D3F-A675-5AE63113A7C3}.Release (4.5)|Any CPU.ActiveCfg = Release|Any CPU
		{6598A7CD-8F27-4D3F-A675-5AE63113A7C3}.Release (4.5)|Mixed Platforms.ActiveCfg = Release|x86
		{6598A7CD-8F27-4D3F-A675-5AE63113A7C3}.Release (4.5)|Win32.ActiveCfg = Release|x86
		{6598A7CD-8F27-4D3F-A675-5AE63113A7C3}.Release (4.5)|x64.ActiveCfg = Release|x64
		{6598A7CD-8F27-4D3F-A675-5AE63113A7C3}.Release (4.5)|x86.ActiveCfg = Release|x86
		{6598A7CD-8F27-4D3F-A675-5AE63113A7C3}.Release|Any CPU.ActiveCfg = Release|Any CPU
		{6598A7CD-8F27-4D3F-A675-5AE63113A7C3}.Release|Any CPU.Build.0 = Release|Any CPU
		{6598A7CD-8F27-4D3F-A675-5AE63113A7C3}.Release|Mixed Platforms.ActiveCfg = Release|Any CPU
		{6598A7CD-8F27-4D3F-A675-5AE63113A7C3}.Release|Mixed Platforms.Build.0 = Release|Any CPU
		{6598A7CD-8F27-4D3F-A675-5AE63113A7C3}.Release|Win32.ActiveCfg = Release|x86
		{6598A7CD-8F27-4D3F-A675-5AE63113A7C3}.Release|Win32.Build.0 = Release|x86
		{6598A7CD-8F27-4D3F-A675-5AE63113A7C3}.Release|x64.ActiveCfg = Release|x64
		{6598A7CD-8F27-4D3F-A675-5AE63113A7C3}.Release|x64.Build.0 = Release|x64
		{6598A7CD-8F27-4D3F-A675-5AE63113A7C3}.Release|x86.ActiveCfg = Release|x86
		{6D4F531F-483F-47B9-8C07-856D6F376B25}.Debug|Any CPU.ActiveCfg = Debug|Win32
		{6D4F531F-483F-47B9-8C07-856D6F376B25}.Debug|Any CPU.Build.0 = Debug|Win32
		{6D4F531F-483F-47B9-8C07-856D6F376B25}.Debug|Mixed Platforms.ActiveCfg = Debug|Win32
		{6D4F531F-483F-47B9-8C07-856D6F376B25}.Debug|Mixed Platforms.Build.0 = Debug|Win32
		{6D4F531F-483F-47B9-8C07-856D6F376B25}.Debug|Win32.ActiveCfg = Debug|Win32
		{6D4F531F-483F-47B9-8C07-856D6F376B25}.Debug|Win32.Build.0 = Debug|Win32
		{6D4F531F-483F-47B9-8C07-856D6F376B25}.Debug|x64.ActiveCfg = Debug|Win32
		{6D4F531F-483F-47B9-8C07-856D6F376B25}.Debug|x64.Build.0 = Debug|Win32
		{6D4F531F-483F-47B9-8C07-856D6F376B25}.Debug|x86.ActiveCfg = Debug|Win32
		{6D4F531F-483F-47B9-8C07-856D6F376B25}.Debug|x86.Build.0 = Debug|Win32
		{6D4F531F-483F-47B9-8C07-856D6F376B25}.Release (3.5)|Any CPU.ActiveCfg = Release|Win32
		{6D4F531F-483F-47B9-8C07-856D6F376B25}.Release (3.5)|Any CPU.Build.0 = Release|Win32
		{6D4F531F-483F-47B9-8C07-856D6F376B25}.Release (3.5)|Mixed Platforms.ActiveCfg = Release|Win32
		{6D4F531F-483F-47B9-8C07-856D6F376B25}.Release (3.5)|Mixed Platforms.Build.0 = Release|Win32
		{6D4F531F-483F-47B9-8C07-856D6F376B25}.Release (3.5)|Win32.ActiveCfg = Release|Win32
		{6D4F531F-483F-47B9-8C07-856D6F376B25}.Release (3.5)|Win32.Build.0 = Release|Win32
		{6D4F531F-483F-47B9-8C07-856D6F376B25}.Release (3.5)|x64.ActiveCfg = Release|Win32
		{6D4F531F-483F-47B9-8C07-856D6F376B25}.Release (3.5)|x64.Build.0 = Release|Win32
		{6D4F531F-483F-47B9-8C07-856D6F376B25}.Release (3.5)|x86.ActiveCfg = Release|Win32
		{6D4F531F-483F-47B9-8C07-856D6F376B25}.Release (3.5)|x86.Build.0 = Release|Win32
		{6D4F531F-483F-47B9-8C07-856D6F376B25}.Release (4.0)|Any CPU.ActiveCfg = Release|Win32
		{6D4F531F-483F-47B9-8C07-856D6F376B25}.Release (4.0)|Any CPU.Build.0 = Release|Win32
		{6D4F531F-483F-47B9-8C07-856D6F376B25}.Release (4.0)|Mixed Platforms.ActiveCfg = Release|Win32
		{6D4F531F-483F-47B9-8C07-856D6F376B25}.Release (4.0)|Mixed Platforms.Build.0 = Release|Win32
		{6D4F531F-483F-47B9-8C07-856D6F376B25}.Release (4.0)|Win32.ActiveCfg = Release|Win32
		{6D4F531F-483F-47B9-8C07-856D6F376B25}.Release (4.0)|Win32.Build.0 = Release|Win32
		{6D4F531F-483F-47B9-8C07-856D6F376B25}.Release (4.0)|x64.ActiveCfg = Release|Win32
		{6D4F531F-483F-47B9-8C07-856D6F376B25}.Release (4.0)|x64.Build.0 = Release|Win32
		{6D4F531F-483F-47B9-8C07-856D6F376B25}.Release (4.0)|x86.ActiveCfg = Release|Win32
		{6D4F531F-483F-47B9-8C07-856D6F376B25}.Release (4.0)|x86.Build.0 = Release|Win32
		{6D4F531F-483F-47B9-8C07-856D6F376B25}.Release (4.5)|Any CPU.ActiveCfg = Release|Win32
		{6D4F531F-483F-47B9-8C07-856D6F376B25}.Release (4.5)|Any CPU.Build.0 = Release|Win32
		{6D4F531F-483F-47B9-8C07-856D6F376B25}.Release (4.5)|Mixed Platforms.ActiveCfg = Release|Win32
		{6D4F531F-483F-47B9-8C07-856D6F376B25}.Release (4.5)|Mixed Platforms.Build.0 = Release|Win32
		{6D4F531F-483F-47B9-8C07-856D6F376B25}.Release (4.5)|Win32.ActiveCfg = Release|Win32
		{6D4F531F-483F-47B9-8C07-856D6F376B25}.Release (4.5)|Win32.Build.0 = Release|Win32
		{6D4F531F-483F-47B9-8C07-856D6F376B25}.Release (4.5)|x64.ActiveCfg = Release|Win32
		{6D4F531F-483F-47B9-8C07-856D6F376B25}.Release (4.5)|x64.Build.0 = Release|Win32
		{6D4F531F-483F-47B9-8C07-856D6F376B25}.Release (4.5)|x86.ActiveCfg = Release|Win32
		{6D4F531F-483F-47B9-8C07-856D6F376B25}.Release (4.5)|x86.Build.0 = Release|Win32
		{6D4F531F-483F-47B9-8C07-856D6F376B25}.Release|Any CPU.ActiveCfg = Release|Win32
		{6D4F531F-483F-47B9-8C07-856D6F376B25}.Release|Any CPU.Build.0 = Release|Win32
		{6D4F531F-483F-47B9-8C07-856D6F376B25}.Release|Mixed Platforms.ActiveCfg = Release|Win32
		{6D4F531F-483F-47B9-8C07-856D6F376B25}.Release|Mixed Platforms.Build.0 = Release|Win32
		{6D4F531F-483F-47B9-8C07-856D6F376B25}.Release|Win32.ActiveCfg = Release|Win32
		{6D4F531F-483F-47B9-8C07-856D6F376B25}.Release|Win32.Build.0 = Release|Win32
		{6D4F531F-483F-47B9-8C07-856D6F376B25}.Release|x64.ActiveCfg = Release|Win32
		{6D4F531F-483F-47B9-8C07-856D6F376B25}.Release|x64.Build.0 = Release|Win32
		{6D4F531F-483F-47B9-8C07-856D6F376B25}.Release|x86.ActiveCfg = Release|Win32
		{6D4F531F-483F-47B9-8C07-856D6F376B25}.Release|x86.Build.0 = Release|Win32
		{A96B3B89-66ED-466C-8703-F44E86433097}.Debug|Any CPU.ActiveCfg = Debug|Any CPU
		{A96B3B89-66ED-466C-8703-F44E86433097}.Debug|Any CPU.Build.0 = Debug|Any CPU
		{A96B3B89-66ED-466C-8703-F44E86433097}.Debug|Mixed Platforms.ActiveCfg = Debug|Any CPU
		{A96B3B89-66ED-466C-8703-F44E86433097}.Debug|Mixed Platforms.Build.0 = Debug|Any CPU
		{A96B3B89-66ED-466C-8703-F44E86433097}.Debug|Win32.ActiveCfg = Debug|Any CPU
		{A96B3B89-66ED-466C-8703-F44E86433097}.Debug|Win32.Build.0 = Debug|Any CPU
		{A96B3B89-66ED-466C-8703-F44E86433097}.Debug|x64.ActiveCfg = Debug|Any CPU
		{A96B3B89-66ED-466C-8703-F44E86433097}.Debug|x64.Build.0 = Debug|Any CPU
		{A96B3B89-66ED-466C-8703-F44E86433097}.Debug|x86.ActiveCfg = Debug|x86
		{A96B3B89-66ED-466C-8703-F44E86433097}.Debug|x86.Build.0 = Debug|x86
		{A96B3B89-66ED-466C-8703-F44E86433097}.Release (3.5)|Any CPU.ActiveCfg = Release|Any CPU
		{A96B3B89-66ED-466C-8703-F44E86433097}.Release (3.5)|Any CPU.Build.0 = Release|Any CPU
		{A96B3B89-66ED-466C-8703-F44E86433097}.Release (3.5)|Mixed Platforms.ActiveCfg = Release|Any CPU
		{A96B3B89-66ED-466C-8703-F44E86433097}.Release (3.5)|Mixed Platforms.Build.0 = Release|Any CPU
		{A96B3B89-66ED-466C-8703-F44E86433097}.Release (3.5)|Win32.ActiveCfg = Release|Any CPU
		{A96B3B89-66ED-466C-8703-F44E86433097}.Release (3.5)|Win32.Build.0 = Release|Any CPU
		{A96B3B89-66ED-466C-8703-F44E86433097}.Release (3.5)|x64.ActiveCfg = Release|Any CPU
		{A96B3B89-66ED-466C-8703-F44E86433097}.Release (3.5)|x64.Build.0 = Release|Any CPU
		{A96B3B89-66ED-466C-8703-F44E86433097}.Release (3.5)|x86.ActiveCfg = Release|Any CPU
		{A96B3B89-66ED-466C-8703-F44E86433097}.Release (3.5)|x86.Build.0 = Release|Any CPU
		{A96B3B89-66ED-466C-8703-F44E86433097}.Release (4.0)|Any CPU.ActiveCfg = Release|Any CPU
		{A96B3B89-66ED-466C-8703-F44E86433097}.Release (4.0)|Any CPU.Build.0 = Release|Any CPU
		{A96B3B89-66ED-466C-8703-F44E86433097}.Release (4.0)|Mixed Platforms.ActiveCfg = Release|Any CPU
		{A96B3B89-66ED-466C-8703-F44E86433097}.Release (4.0)|Mixed Platforms.Build.0 = Release|Any CPU
		{A96B3B89-66ED-466C-8703-F44E86433097}.Release (4.0)|Mixed Platforms.Deploy.0 = Release|x86
		{A96B3B89-66ED-466C-8703-F44E86433097}.Release (4.0)|Win32.ActiveCfg = Release|Any CPU
		{A96B3B89-66ED-466C-8703-F44E86433097}.Release (4.0)|Win32.Build.0 = Release|Any CPU
		{A96B3B89-66ED-466C-8703-F44E86433097}.Release (4.0)|x64.ActiveCfg = Release|Any CPU
		{A96B3B89-66ED-466C-8703-F44E86433097}.Release (4.0)|x64.Build.0 = Release|Any CPU
		{A96B3B89-66ED-466C-8703-F44E86433097}.Release (4.0)|x86.ActiveCfg = Release|Any CPU
		{A96B3B89-66ED-466C-8703-F44E86433097}.Release (4.0)|x86.Build.0 = Release|Any CPU
		{A96B3B89-66ED-466C-8703-F44E86433097}.Release (4.5)|Any CPU.ActiveCfg = Release|Any CPU
		{A96B3B89-66ED-466C-8703-F44E86433097}.Release (4.5)|Any CPU.Build.0 = Release|Any CPU
		{A96B3B89-66ED-466C-8703-F44E86433097}.Release (4.5)|Mixed Platforms.ActiveCfg = Release|Any CPU
		{A96B3B89-66ED-466C-8703-F44E86433097}.Release (4.5)|Mixed Platforms.Build.0 = Release|Any CPU
		{A96B3B89-66ED-466C-8703-F44E86433097}.Release (4.5)|Win32.ActiveCfg = Release|Any CPU
		{A96B3B89-66ED-466C-8703-F44E86433097}.Release (4.5)|Win32.Build.0 = Release|Any CPU
		{A96B3B89-66ED-466C-8703-F44E86433097}.Release (4.5)|x64.ActiveCfg = Release|Any CPU
		{A96B3B89-66ED-466C-8703-F44E86433097}.Release (4.5)|x64.Build.0 = Release|Any CPU
		{A96B3B89-66ED-466C-8703-F44E86433097}.Release (4.5)|x86.ActiveCfg = Release|Any CPU
		{A96B3B89-66ED-466C-8703-F44E86433097}.Release (4.5)|x86.Build.0 = Release|Any CPU
		{A96B3B89-66ED-466C-8703-F44E86433097}.Release|Any CPU.ActiveCfg = Release|Any CPU
		{A96B3B89-66ED-466C-8703-F44E86433097}.Release|Any CPU.Build.0 = Release|Any CPU
		{A96B3B89-66ED-466C-8703-F44E86433097}.Release|Mixed Platforms.ActiveCfg = Release|Any CPU
		{A96B3B89-66ED-466C-8703-F44E86433097}.Release|Mixed Platforms.Build.0 = Release|Any CPU
		{A96B3B89-66ED-466C-8703-F44E86433097}.Release|Win32.ActiveCfg = Release|Any CPU
		{A96B3B89-66ED-466C-8703-F44E86433097}.Release|Win32.Build.0 = Release|Any CPU
		{A96B3B89-66ED-466C-8703-F44E86433097}.Release|x64.ActiveCfg = Release|Any CPU
		{A96B3B89-66ED-466C-8703-F44E86433097}.Release|x64.Build.0 = Release|Any CPU
		{A96B3B89-66ED-466C-8703-F44E86433097}.Release|x86.ActiveCfg = Release|x86
		{A96B3B89-66ED-466C-8703-F44E86433097}.Release|x86.Build.0 = Release|x86
		{3BD10A2C-A224-4B60-B531-147CC46E23AC}.Debug|Any CPU.ActiveCfg = Debug|x86
		{3BD10A2C-A224-4B60-B531-147CC46E23AC}.Debug|Any CPU.Build.0 = Debug|x86
		{3BD10A2C-A224-4B60-B531-147CC46E23AC}.Debug|Mixed Platforms.ActiveCfg = Debug|x86
		{3BD10A2C-A224-4B60-B531-147CC46E23AC}.Debug|Mixed Platforms.Build.0 = Debug|x86
		{3BD10A2C-A224-4B60-B531-147CC46E23AC}.Debug|Win32.ActiveCfg = Debug|x86
		{3BD10A2C-A224-4B60-B531-147CC46E23AC}.Debug|Win32.Build.0 = Debug|x86
		{3BD10A2C-A224-4B60-B531-147CC46E23AC}.Debug|x64.ActiveCfg = Debug|x64
		{3BD10A2C-A224-4B60-B531-147CC46E23AC}.Debug|x64.Build.0 = Debug|x64
		{3BD10A2C-A224-4B60-B531-147CC46E23AC}.Debug|x86.ActiveCfg = Debug|x86
		{3BD10A2C-A224-4B60-B531-147CC46E23AC}.Debug|x86.Build.0 = Debug|x86
		{3BD10A2C-A224-4B60-B531-147CC46E23AC}.Release (3.5)|Any CPU.ActiveCfg = Release|x86
		{3BD10A2C-A224-4B60-B531-147CC46E23AC}.Release (3.5)|Any CPU.Build.0 = Release|x86
		{3BD10A2C-A224-4B60-B531-147CC46E23AC}.Release (3.5)|Mixed Platforms.ActiveCfg = Release|x86
		{3BD10A2C-A224-4B60-B531-147CC46E23AC}.Release (3.5)|Mixed Platforms.Build.0 = Release|x86
		{3BD10A2C-A224-4B60-B531-147CC46E23AC}.Release (3.5)|Win32.ActiveCfg = Release|x86
		{3BD10A2C-A224-4B60-B531-147CC46E23AC}.Release (3.5)|Win32.Build.0 = Release|x86
		{3BD10A2C-A224-4B60-B531-147CC46E23AC}.Release (3.5)|x64.ActiveCfg = Release|x86
		{3BD10A2C-A224-4B60-B531-147CC46E23AC}.Release (3.5)|x64.Build.0 = Release|x86
		{3BD10A2C-A224-4B60-B531-147CC46E23AC}.Release (3.5)|x86.ActiveCfg = Release|x86
		{3BD10A2C-A224-4B60-B531-147CC46E23AC}.Release (3.5)|x86.Build.0 = Release|x86
		{3BD10A2C-A224-4B60-B531-147CC46E23AC}.Release (4.0)|Any CPU.ActiveCfg = Release|x86
		{3BD10A2C-A224-4B60-B531-147CC46E23AC}.Release (4.0)|Any CPU.Build.0 = Release|x86
		{3BD10A2C-A224-4B60-B531-147CC46E23AC}.Release (4.0)|Mixed Platforms.ActiveCfg = Release|x86
		{3BD10A2C-A224-4B60-B531-147CC46E23AC}.Release (4.0)|Mixed Platforms.Build.0 = Release|x86
		{3BD10A2C-A224-4B60-B531-147CC46E23AC}.Release (4.0)|Win32.ActiveCfg = Release|x86
		{3BD10A2C-A224-4B60-B531-147CC46E23AC}.Release (4.0)|Win32.Build.0 = Release|x86
		{3BD10A2C-A224-4B60-B531-147CC46E23AC}.Release (4.0)|x64.ActiveCfg = Release|x86
		{3BD10A2C-A224-4B60-B531-147CC46E23AC}.Release (4.0)|x64.Build.0 = Release|x86
		{3BD10A2C-A224-4B60-B531-147CC46E23AC}.Release (4.0)|x86.ActiveCfg = Release|x86
		{3BD10A2C-A224-4B60-B531-147CC46E23AC}.Release (4.0)|x86.Build.0 = Release|x86
		{3BD10A2C-A224-4B60-B531-147CC46E23AC}.Release (4.5)|Any CPU.ActiveCfg = Release|x86
		{3BD10A2C-A224-4B60-B531-147CC46E23AC}.Release (4.5)|Any CPU.Build.0 = Release|x86
		{3BD10A2C-A224-4B60-B531-147CC46E23AC}.Release (4.5)|Mixed Platforms.ActiveCfg = Release|x86
		{3BD10A2C-A224-4B60-B531-147CC46E23AC}.Release (4.5)|Mixed Platforms.Build.0 = Release|x86
		{3BD10A2C-A224-4B60-B531-147CC46E23AC}.Release (4.5)|Win32.ActiveCfg = Release|x86
		{3BD10A2C-A224-4B60-B531-147CC46E23AC}.Release (4.5)|Win32.Build.0 = Release|x86
		{3BD10A2C-A224-4B60-B531-147CC46E23AC}.Release (4.5)|x64.ActiveCfg = Release|x86
		{3BD10A2C-A224-4B60-B531-147CC46E23AC}.Release (4.5)|x64.Build.0 = Release|x86
		{3BD10A2C-A224-4B60-B531-147CC46E23AC}.Release (4.5)|x86.ActiveCfg = Release|x86
		{3BD10A2C-A224-4B60-B531-147CC46E23AC}.Release (4.5)|x86.Build.0 = Release|x86
		{3BD10A2C-A224-4B60-B531-147CC46E23AC}.Release|Any CPU.ActiveCfg = Release|x86
		{3BD10A2C-A224-4B60-B531-147CC46E23AC}.Release|Any CPU.Build.0 = Release|x86
		{3BD10A2C-A224-4B60-B531-147CC46E23AC}.Release|Mixed Platforms.ActiveCfg = Release|x86
		{3BD10A2C-A224-4B60-B531-147CC46E23AC}.Release|Mixed Platforms.Build.0 = Release|x86
		{3BD10A2C-A224-4B60-B531-147CC46E23AC}.Release|Win32.ActiveCfg = Release|x86
		{3BD10A2C-A224-4B60-B531-147CC46E23AC}.Release|Win32.Build.0 = Release|x86
		{3BD10A2C-A224-4B60-B531-147CC46E23AC}.Release|x64.ActiveCfg = Release|x86
		{3BD10A2C-A224-4B60-B531-147CC46E23AC}.Release|x64.Build.0 = Release|x86
		{3BD10A2C-A224-4B60-B531-147CC46E23AC}.Release|x86.ActiveCfg = Release|x86
		{3BD10A2C-A224-4B60-B531-147CC46E23AC}.Release|x86.Build.0 = Release|x86
	EndGlobalSection
	GlobalSection(SolutionProperties) = preSolution
		HideSolutionNode = FALSE
	EndGlobalSection
	GlobalSection(NestedProjects) = preSolution
		{B39ED2B3-D53A-4077-B957-930979A3577D} = {6CBCD9C8-FE04-4395-80EC-FA31A4CB665A}
		{9E219DF2-315D-478E-8A07-8960C377CE1E} = {6CBCD9C8-FE04-4395-80EC-FA31A4CB665A}
		{94F36908-A4E2-4533-939D-64FF6EADA5A1} = {6CBCD9C8-FE04-4395-80EC-FA31A4CB665A}
		{5E1D4E5F-E10C-4BA3-B663-F33014FD21D9} = {6CBCD9C8-FE04-4395-80EC-FA31A4CB665A}
		{7DB10B50-CE00-4D7A-B322-6824F05D2FCB} = {6CBCD9C8-FE04-4395-80EC-FA31A4CB665A}
		{33134F61-C1AD-4B6F-9CEA-503A9F140C52} = {6CBCD9C8-FE04-4395-80EC-FA31A4CB665A}
		{17A4874B-0606-4687-90B6-F91F8CB3B8AF} = {6CBCD9C8-FE04-4395-80EC-FA31A4CB665A}
		{E3536C28-A7F1-4B53-8E52-7D2232F9E098} = {6CBCD9C8-FE04-4395-80EC-FA31A4CB665A}
		{07F662C1-1323-42AB-B6AF-FBFD34A7437A} = {6CBCD9C8-FE04-4395-80EC-FA31A4CB665A}
		{EC085CBD-E9C3-477F-9A97-CB9D5DA30E27} = {6CBCD9C8-FE04-4395-80EC-FA31A4CB665A}
		{097D9F6C-FD0E-4CBC-9676-009012AAECA8} = {6CBCD9C8-FE04-4395-80EC-FA31A4CB665A}
		{244455E0-5F25-4451-9540-F317883E52A8} = {6CBCD9C8-FE04-4395-80EC-FA31A4CB665A}
		{6598A7CD-8F27-4D3F-A675-5AE63113A7C3} = {6CBCD9C8-FE04-4395-80EC-FA31A4CB665A}
	EndGlobalSection
EndGlobal
